// !$*UTF8*$!
{
	archiveVersion = 1;
	classes = {
	};
	objectVersion = 46;
	objects = {

/* Begin PBXBuildFile section */
		BCB2BA0E1EBEF82E00E37D18 /* AppDelegate.swift in Sources */ = {isa = PBXBuildFile; fileRef = BCB2BA0D1EBEF82E00E37D18 /* AppDelegate.swift */; };
		BCB2BA101EBEF82E00E37D18 /* ViewController.swift in Sources */ = {isa = PBXBuildFile; fileRef = BCB2BA0F1EBEF82E00E37D18 /* ViewController.swift */; };
		BCB2BA131EBEF82E00E37D18 /* Main.storyboard in Resources */ = {isa = PBXBuildFile; fileRef = BCB2BA111EBEF82E00E37D18 /* Main.storyboard */; };
		BCB2BA151EBEF82E00E37D18 /* Assets.xcassets in Resources */ = {isa = PBXBuildFile; fileRef = BCB2BA141EBEF82E00E37D18 /* Assets.xcassets */; };
		BCB2BA181EBEF82E00E37D18 /* LaunchScreen.storyboard in Resources */ = {isa = PBXBuildFile; fileRef = BCB2BA161EBEF82E00E37D18 /* LaunchScreen.storyboard */; };
/* End PBXBuildFile section */

/* Begin PBXFileReference section */
		BCB2BA0A1EBEF82E00E37D18 /* demo0507.app */ = {isa = PBXFileReference; explicitFileType = wrapper.application; includeInIndex = 0; path = demo0507.app; sourceTree = BUILT_PRODUCTS_DIR; };
		BCB2BA0D1EBEF82E00E37D18 /* AppDelegate.swift */ = {isa = PBXFileReference; lastKnownFileType = sourcecode.swift; path = AppDelegate.swift; sourceTree = "<group>"; };
		BCB2BA0F1EBEF82E00E37D18 /* ViewController.swift */ = {isa = PBXFileReference; lastKnownFileType = sourcecode.swift; path = ViewController.swift; sourceTree = "<group>"; };
		BCB2BA121EBEF82E00E37D18 /* Base */ = {isa = PBXFileReference; lastKnownFileType = file.storyboard; name = Base; path = Base.lproj/Main.storyboard; sourceTree = "<group>"; };
		BCB2BA141EBEF82E00E37D18 /* Assets.xcassets */ = {isa = PBXFileReference; lastKnownFileType = folder.assetcatalog; path = Assets.xcassets; sourceTree = "<group>"; };
		BCB2BA171EBEF82E00E37D18 /* Base */ = {isa = PBXFileReference; lastKnownFileType = file.storyboard; name = Base; path = Base.lproj/LaunchScreen.storyboard; sourceTree = "<group>"; };
		BCB2BA191EBEF82E00E37D18 /* Info.plist */ = {isa = PBXFileReference; lastKnownFileType = text.plist.xml; path = Info.plist; sourceTree = "<group>"; };
/* End PBXFileReference section */

/* Begin PBXFrameworksBuildPhase section */
		BCB2BA071EBEF82E00E37D18 /* Frameworks */ = {
			isa = PBXFrameworksBuildPhase;
			buildActionMask = 2147483647;
			files = (
			);
			runOnlyForDeploymentPostprocessing = 0;
		};
/* End PBXFrameworksBuildPhase section */

/* Begin PBXGroup section */
		BCB2BA011EBEF82E00E37D18 = {
			isa = PBXGroup;
			children = (
				BCB2BA0C1EBEF82E00E37D18 /* demo0507 */,
				BCB2BA0B1EBEF82E00E37D18 /* Products */,
			);
			sourceTree = "<group>";
		};
		BCB2BA0B1EBEF82E00E37D18 /* Products */ = {
			isa = PBXGroup;
			children = (
				BCB2BA0A1EBEF82E00E37D18 /* demo0507.app */,
			);
			name = Products;
			sourceTree = "<group>";
		};
		BCB2BA0C1EBEF82E00E37D18 /* demo0507 */ = {
			isa = PBXGroup;
			children = (
				BCB2BA0D1EBEF82E00E37D18 /* AppDelegate.swift */,
				BCB2BA0F1EBEF82E00E37D18 /* ViewController.swift */,
				BCB2BA111EBEF82E00E37D18 /* Main.storyboard */,
				BCB2BA141EBEF82E00E37D18 /* Assets.xcassets */,
				BCB2BA161EBEF82E00E37D18 /* LaunchScreen.storyboard */,
				BCB2BA191EBEF82E00E37D18 /* Info.plist */,
			);
			path = demo0507;
			sourceTree = "<group>";
		};
/* End PBXGroup section */

/* Begin PBXNativeTarget section */
		BCB2BA091EBEF82E00E37D18 /* demo0507 */ = {
			isa = PBXNativeTarget;
			buildConfigurationList = BCB2BA1C1EBEF82E00E37D18 /* Build configuration list for PBXNativeTarget "demo0507" */;
			buildPhases = (
				BCB2BA061EBEF82E00E37D18 /* Sources */,
				BCB2BA071EBEF82E00E37D18 /* Frameworks */,
				BCB2BA081EBEF82E00E37D18 /* Resources */,
			);
			buildRules = (
			);
			dependencies = (
			);
			name = demo0507;
			productName = demo0507;
			productReference = BCB2BA0A1EBEF82E00E37D18 /* demo0507.app */;
			productType = "com.apple.product-type.application";
		};
/* End PBXNativeTarget section */

/* Begin PBXProject section */
		BCB2BA021EBEF82E00E37D18 /* Project object */ = {
			isa = PBXProject;
			attributes = {
				LastSwiftUpdateCheck = 0830;
				LastUpgradeCheck = 0830;
				ORGANIZATIONNAME = "Kimmy Hsu";
				TargetAttributes = {
					BCB2BA091EBEF82E00E37D18 = {
						CreatedOnToolsVersion = 8.3.2;
						ProvisioningStyle = Automatic;
					};
				};
			};
			buildConfigurationList = BCB2BA051EBEF82E00E37D18 /* Build configuration list for PBXProject "demo0507" */;
			compatibilityVersion = "Xcode 3.2";
			developmentRegion = English;
			hasScannedForEncodings = 0;
			knownRegions = (
				en,
				Base,
			);
			mainGroup = BCB2BA011EBEF82E00E37D18;
			productRefGroup = BCB2BA0B1EBEF82E00E37D18 /* Products */;
			projectDirPath = "";
			projectRoot = "";
			targets = (
				BCB2BA091EBEF82E00E37D18 /* demo0507 */,
			);
		};
/* End PBXProject section */

/* Begin PBXResourcesBuildPhase section */
		BCB2BA081EBEF82E00E37D18 /* Resources */ = {
			isa = PBXResourcesBuildPhase;
			buildActionMask = 2147483647;
			files = (
				BCB2BA181EBEF82E00E37D18 /* LaunchScreen.storyboard in Resources */,
				BCB2BA151EBEF82E00E37D18 /* Assets.xcassets in Resources */,
				BCB2BA131EBEF82E00E37D18 /* Main.storyboard in Resources */,
			);
			runOnlyForDeploymentPostprocessing = 0;
		};
/* End PBXResourcesBuildPhase section */

/* Begin PBXSourcesBuildPhase section */
		BCB2BA061EBEF82E00E37D18 /* Sources */ = {
			isa = PBXSourcesBuildPhase;
			buildActionMask = 2147483647;
			files = (
				BCB2BA101EBEF82E00E37D18 /* ViewController.swift in Sources */,
				BCB2BA0E1EBEF82E00E37D18 /* AppDelegate.swift in Sources */,
			);
			runOnlyForDeploymentPostprocessing = 0;
		};
/* End PBXSourcesBuildPhase section */

/* Begin PBXVariantGroup section */
		BCB2BA111EBEF82E00E37D18 /* Main.storyboard */ = {
			isa = PBXVariantGroup;
			children = (
				BCB2BA121EBEF82E00E37D18 /* Base */,
			);
			name = Main.storyboard;
			sourceTree = "<group>";
		};
		BCB2BA161EBEF82E00E37D18 /* LaunchScreen.storyboard */ = {
			isa = PBXVariantGroup;
			children = (
				BCB2BA171EBEF82E00E37D18 /* Base */,
			);
			name = LaunchScreen.storyboard;
			sourceTree = "<group>";
		};
/* End PBXVariantGroup section */

/* Begin XCBuildConfiguration section */
		BCB2BA1A1EBEF82E00E37D18 /* Debug */ = {
			isa = XCBuildConfiguration;
			buildSettings = {
				ALWAYS_SEARCH_USER_PATHS = NO;
				CLANG_ANALYZER_NONNULL = YES;
				CLANG_ANALYZER_NUMBER_OBJECT_CONVERSION = YES_AGGRESSIVE;
				CLANG_CXX_LANGUAGE_STANDARD = "gnu++0x";
				CLANG_CXX_LIBRARY = "libc++";
				CLANG_ENABLE_MODULES = YES;
				CLANG_ENABLE_OBJC_ARC = YES;
				CLANG_WARN_BOOL_CONVERSION = YES;
				CLANG_WARN_CONSTANT_CONVERSION = YES;
				CLANG_WARN_DIRECT_OBJC_ISA_USAGE = YES_ERROR;
				CLANG_WARN_DOCUMENTATION_COMMENTS = YES;
				CLANG_WARN_EMPTY_BODY = YES;
				CLANG_WARN_ENUM_CONVERSION = YES;
				CLANG_WARN_INFINITE_RECURSION = YES;
				CLANG_WARN_INT_CONVERSION = YES;
				CLANG_WARN_OBJC_ROOT_CLASS = YES_ERROR;
				CLANG_WARN_SUSPICIOUS_MOVE = YES;
				CLANG_WARN_UNREACHABLE_CODE = YES;
				CLANG_WARN__DUPLICATE_METHOD_MATCH = YES;
				"CODE_SIGN_IDENTITY[sdk=iphoneos*]" = "iPhone Developer";
				COPY_PHASE_STRIP = NO;
				DEBUG_INFORMATION_FORMAT = dwarf;
				ENABLE_STRICT_OBJC_MSGSEND = YES;
				ENABLE_TESTABILITY = YES;
				GCC_C_LANGUAGE_STANDARD = gnu99;
				GCC_DYNAMIC_NO_PIC = NO;
				GCC_NO_COMMON_BLOCKS = YES;
				GCC_OPTIMIZATION_LEVEL = 0;
				GCC_PREPROCESSOR_DEFINITIONS = (
					"DEBUG=1",
					"$(inherited)",
				);
				GCC_WARN_64_TO_32_BIT_CONVERSION = YES;
				GCC_WARN_ABOUT_RETURN_TYPE = YES_ERROR;
				GCC_WARN_UNDECLARED_SELECTOR = YES;
				GCC_WARN_UNINITIALIZED_AUTOS = YES_AGGRESSIVE;
				GCC_WARN_UNUSED_FUNCTION = YES;
				GCC_WARN_UNUSED_VARIABLE = YES;
				IPHONEOS_DEPLOYMENT_TARGET = 10.3;
				MTL_ENABLE_DEBUG_INFO = YES;
				ONLY_ACTIVE_ARCH = YES;
				SDKROOT = iphoneos;
				SWIFT_ACTIVE_COMPILATION_CONDITIONS = DEBUG;
				SWIFT_OPTIMIZATION_LEVEL = "-Onone";
			};
			name = Debug;
		};
		BCB2BA1B1EBEF82E00E37D18 /* Release */ = {
			isa = XCBuildConfiguration;
			buildSettings = {
				ALWAYS_SEARCH_USER_PATHS = NO;
				CLANG_ANALYZER_NONNULL = YES;
				CLANG_ANALYZER_NUMBER_OBJECT_CONVERSION = YES_AGGRESSIVE;
				CLANG_CXX_LANGUAGE_STANDARD = "gnu++0x";
				CLANG_CXX_LIBRARY = "libc++";
				CLANG_ENABLE_MODULES = YES;
				CLANG_ENABLE_OBJC_ARC = YES;
				CLANG_WARN_BOOL_CONVERSION = YES;
				CLANG_WARN_CONSTANT_CONVERSION = YES;
				CLANG_WARN_DIRECT_OBJC_ISA_USAGE = YES_ERROR;
				CLANG_WARN_DOCUMENTATION_COMMENTS = YES;
				CLANG_WARN_EMPTY_BODY = YES;
				CLANG_WARN_ENUM_CONVERSION = YES;
				CLANG_WARN_INFINITE_RECURSION = YES;
				CLANG_WARN_INT_CONVERSION = YES;
				CLANG_WARN_OBJC_ROOT_CLASS = YES_ERROR;
				CLANG_WARN_SUSPICIOUS_MOVE = YES;
				CLANG_WARN_UNREACHABLE_CODE = YES;
				CLANG_WARN__DUPLICATE_METHOD_MATCH = YES;
				"CODE_SIGN_IDENTITY[sdk=iphoneos*]" = "iPhone Developer";
				COPY_PHASE_STRIP = NO;
				DEBUG_INFORMATION_FORMAT = "dwarf-with-dsym";
				ENABLE_NS_ASSERTIONS = NO;
				ENABLE_STRICT_OBJC_MSGSEND = YES;
				GCC_C_LANGUAGE_STANDARD = gnu99;
				GCC_NO_COMMON_BLOCKS = YES;
				GCC_WARN_64_TO_32_BIT_CONVERSION = YES;
				GCC_WARN_ABOUT_RETURN_TYPE = YES_ERROR;
				GCC_WARN_UNDECLARED_SELECTOR = YES;
				GCC_WARN_UNINITIALIZED_AUTOS = YES_AGGRESSIVE;
				GCC_WARN_UNUSED_FUNCTION = YES;
				GCC_WARN_UNUSED_VARIABLE = YES;
				IPHONEOS_DEPLOYMENT_TARGET = 10.3;
				MTL_ENABLE_DEBUG_INFO = NO;
				SDKROOT = iphoneos;
				SWIFT_OPTIMIZATION_LEVEL = "-Owholemodule";
				VALIDATE_PRODUCT = YES;
			};
			name = Release;
		};
		BCB2BA1D1EBEF82E00E37D18 /* Debug */ = {
			isa = XCBuildConfiguration;
			buildSettings = {
				ASSETCATALOG_COMPILER_APPICON_NAME = AppIcon;
				INFOPLIST_FILE = demo0507/Info.plist;
				LD_RUNPATH_SEARCH_PATHS = "$(inherited) @executable_path/Frameworks";
				PRODUCT_BUNDLE_IDENTIFIER = com.kimmyhsu.demo0507;
				PRODUCT_NAME = "$(TARGET_NAME)";
				SWIFT_VERSION = 3.0;
			};
			name = Debug;
		};
		BCB2BA1E1EBEF82E00E37D18 /* Release */ = {
			isa = XCBuildConfiguration;
			buildSettings = {
				ASSETCATALOG_COMPILER_APPICON_NAME = AppIcon;
				INFOPLIST_FILE = demo0507/Info.plist;
				LD_RUNPATH_SEARCH_PATHS = "$(inherited) @executable_path/Frameworks";
				PRODUCT_BUNDLE_IDENTIFIER = com.kimmyhsu.demo0507;
				PRODUCT_NAME = "$(TARGET_NAME)";
				SWIFT_VERSION = 3.0;
			};
			name = Release;
		};
/* End XCBuildConfiguration section */

/* Begin XCConfigurationList section */
		BCB2BA051EBEF82E00E37D18 /* Build configuration list for PBXProject "demo0507" */ = {
			isa = XCConfigurationList;
			buildConfigurations = (
				BCB2BA1A1EBEF82E00E37D18 /* Debug */,
				BCB2BA1B1EBEF82E00E37D18 /* Release */,
			);
			defaultConfigurationIsVisible = 0;
			defaultConfigurationName = Release;
		};
		BCB2BA1C1EBEF82E00E37D18 /* Build configuration list for PBXNativeTarget "demo0507" */ = {
			isa = XCConfigurationList;
			buildConfigurations = (
				BCB2BA1D1EBEF82E00E37D18 /* Debug */,
				BCB2BA1E1EBEF82E00E37D18 /* Release */,
			);
			defaultConfigurationIsVisible = 0;
		};
/* End XCConfigurationList section */
	};
	rootObject = BCB2BA021EBEF82E00E37D18 /* Project object */;
}
